
Microsoft Visual Studio Solution File, Format Version 12.00
# Visual Studio Version 17
VisualStudioVersion = 17.14.36301.6 d17.14
MinimumVisualStudioVersion = 10.0.40219.1
Project("{FAE04EC0-301F-11D3-BF4B-00C04F79EFBC}") = "ErickCompiler", "Makelima\ErickCompiler.csproj", "{AD66182D-F95D-4C9B-9347-9A7AE542FC01}"
EndProject
Global
	GlobalSection(SolutionConfigurationPlatforms) = preSolution
		Debug|Any CPU = Debug|Any CPU
		Release|Any CPU = Release|Any CPU
	EndGlobalSection
	GlobalSection(ProjectConfigurationPlatforms) = postSolution
		{AD66182D-F95D-4C9B-9347-9A7AE542FC01}.Debug|Any CPU.ActiveCfg = Debug|Any CPU
		{AD66182D-F95D-4C9B-9347-9A7AE542FC01}.Debug|Any CPU.Build.0 = Debug|Any CPU
		{AD66182D-F95D-4C9B-9347-9A7AE542FC01}.Release|Any CPU.ActiveCfg = Release|Any CPU
		{AD66182D-F95D-4C9B-9347-9A7AE542FC01}.Release|Any CPU.Build.0 = Release|Any CPU
	EndGlobalSection
	GlobalSection(SolutionProperties) = preSolution
		HideSolutionNode = FALSE
	EndGlobalSection
	GlobalSection(ExtensibilityGlobals) = postSolution
		SolutionGuid = {30CE04A1-7FD9-43A4-8B3E-165B716E3174}
	EndGlobalSection
EndGlobal
